// !$*UTF8*$!
{
	archiveVersion = 1;
	classes = {
	};
	objectVersion = 56;
	objects = {

/* Begin PBXBuildFile section */
		5241589529F8F94800192294 /* AppDelegate.swift in Sources */ = {isa = PBXBuildFile; fileRef = 5241589429F8F94800192294 /* AppDelegate.swift */; };
		5241589729F8F94800192294 /* SceneDelegate.swift in Sources */ = {isa = PBXBuildFile; fileRef = 5241589629F8F94800192294 /* SceneDelegate.swift */; };
		5241589929F8F94800192294 /* ViewController.swift in Sources */ = {isa = PBXBuildFile; fileRef = 5241589829F8F94800192294 /* ViewController.swift */; };
		5241589C29F8F94800192294 /* Main.storyboard in Resources */ = {isa = PBXBuildFile; fileRef = 5241589A29F8F94800192294 /* Main.storyboard */; };
		5241589E29F8F94900192294 /* Assets.xcassets in Resources */ = {isa = PBXBuildFile; fileRef = 5241589D29F8F94900192294 /* Assets.xcassets */; };
		524158A129F8F94900192294 /* LaunchScreen.storyboard in Resources */ = {isa = PBXBuildFile; fileRef = 5241589F29F8F94900192294 /* LaunchScreen.storyboard */; };
		524158A929F8FA2300192294 /* ApiService.swift in Sources */ = {isa = PBXBuildFile; fileRef = 524158A829F8FA2300192294 /* ApiService.swift */; };
		524158AB29F8FA3800192294 /* ViewModel.swift in Sources */ = {isa = PBXBuildFile; fileRef = 524158AA29F8FA3800192294 /* ViewModel.swift */; };
		524158AD29F9011900192294 /* model.swift in Sources */ = {isa = PBXBuildFile; fileRef = 524158AC29F9011900192294 /* model.swift */; };
		524158AF29F936B200192294 /* Constants.swift in Sources */ = {isa = PBXBuildFile; fileRef = 524158AE29F936B200192294 /* Constants.swift */; };
		524158B129F9378B00192294 /* ApiRequest.swift in Sources */ = {isa = PBXBuildFile; fileRef = 524158B029F9378B00192294 /* ApiRequest.swift */; };
		52513C8F29FA586500811ACC /* BaseVC.swift in Sources */ = {isa = PBXBuildFile; fileRef = 52513C8E29FA586500811ACC /* BaseVC.swift */; };
		52513C9129FA5F4D00811ACC /* AppResponse.swift in Sources */ = {isa = PBXBuildFile; fileRef = 52513C9029FA5F4D00811ACC /* AppResponse.swift */; };
		52513C9329FA691500811ACC /* AppDefault.swift in Sources */ = {isa = PBXBuildFile; fileRef = 52513C9229FA691500811ACC /* AppDefault.swift */; };
		52709EB329FBCFB200CBD872 /* NetworkMonitor.swift in Sources */ = {isa = PBXBuildFile; fileRef = 52709EB229FBCFB200CBD872 /* NetworkMonitor.swift */; };
		529372812AD00D9F00513BFF /* HelperClass.swift in Sources */ = {isa = PBXBuildFile; fileRef = 529372802AD00D9F00513BFF /* HelperClass.swift */; };
		859FF92EFDB1B592D3347F69 /* Pods_ApiDemoWithFuture.framework in Frameworks */ = {isa = PBXBuildFile; fileRef = FE2EE9499F46B9CB9C00598D /* Pods_ApiDemoWithFuture.framework */; };
/* End PBXBuildFile section */

/* Begin PBXFileReference section */
		21717AFF7C58A9A0AAE5B074 /* Pods-ApiDemoWithFuture.debug.xcconfig */ = {isa = PBXFileReference; includeInIndex = 1; lastKnownFileType = text.xcconfig; name = "Pods-ApiDemoWithFuture.debug.xcconfig"; path = "Target Support Files/Pods-ApiDemoWithFuture/Pods-ApiDemoWithFuture.debug.xcconfig"; sourceTree = "<group>"; };
		2452A874BFFDDC0FA74818A5 /* Pods-ApiDemoWithFuture.release.xcconfig */ = {isa = PBXFileReference; includeInIndex = 1; lastKnownFileType = text.xcconfig; name = "Pods-ApiDemoWithFuture.release.xcconfig"; path = "Target Support Files/Pods-ApiDemoWithFuture/Pods-ApiDemoWithFuture.release.xcconfig"; sourceTree = "<group>"; };
		5241589129F8F94800192294 /* ApiDemoWithFuture.app */ = {isa = PBXFileReference; explicitFileType = wrapper.application; includeInIndex = 0; path = ApiDemoWithFuture.app; sourceTree = BUILT_PRODUCTS_DIR; };
		5241589429F8F94800192294 /* AppDelegate.swift */ = {isa = PBXFileReference; lastKnownFileType = sourcecode.swift; path = AppDelegate.swift; sourceTree = "<group>"; };
		5241589629F8F94800192294 /* SceneDelegate.swift */ = {isa = PBXFileReference; lastKnownFileType = sourcecode.swift; path = SceneDelegate.swift; sourceTree = "<group>"; };
		5241589829F8F94800192294 /* ViewController.swift */ = {isa = PBXFileReference; lastKnownFileType = sourcecode.swift; path = ViewController.swift; sourceTree = "<group>"; };
		5241589B29F8F94800192294 /* Base */ = {isa = PBXFileReference; lastKnownFileType = file.storyboard; name = Base; path = Base.lproj/Main.storyboard; sourceTree = "<group>"; };
		5241589D29F8F94900192294 /* Assets.xcassets */ = {isa = PBXFileReference; lastKnownFileType = folder.assetcatalog; path = Assets.xcassets; sourceTree = "<group>"; };
		524158A029F8F94900192294 /* Base */ = {isa = PBXFileReference; lastKnownFileType = file.storyboard; name = Base; path = Base.lproj/LaunchScreen.storyboard; sourceTree = "<group>"; };
		524158A229F8F94900192294 /* Info.plist */ = {isa = PBXFileReference; lastKnownFileType = text.plist.xml; path = Info.plist; sourceTree = "<group>"; };
		524158A829F8FA2300192294 /* ApiService.swift */ = {isa = PBXFileReference; lastKnownFileType = sourcecode.swift; path = ApiService.swift; sourceTree = "<group>"; };
		524158AA29F8FA3800192294 /* ViewModel.swift */ = {isa = PBXFileReference; lastKnownFileType = sourcecode.swift; path = ViewModel.swift; sourceTree = "<group>"; };
		524158AC29F9011900192294 /* model.swift */ = {isa = PBXFileReference; lastKnownFileType = sourcecode.swift; path = model.swift; sourceTree = "<group>"; };
		524158AE29F936B200192294 /* Constants.swift */ = {isa = PBXFileReference; lastKnownFileType = sourcecode.swift; path = Constants.swift; sourceTree = "<group>"; };
		524158B029F9378B00192294 /* ApiRequest.swift */ = {isa = PBXFileReference; lastKnownFileType = sourcecode.swift; path = ApiRequest.swift; sourceTree = "<group>"; };
		52513C8E29FA586500811ACC /* BaseVC.swift */ = {isa = PBXFileReference; lastKnownFileType = sourcecode.swift; path = BaseVC.swift; sourceTree = "<group>"; };
		52513C9029FA5F4D00811ACC /* AppResponse.swift */ = {isa = PBXFileReference; fileEncoding = 4; lastKnownFileType = sourcecode.swift; path = AppResponse.swift; sourceTree = "<group>"; };
		52513C9229FA691500811ACC /* AppDefault.swift */ = {isa = PBXFileReference; lastKnownFileType = sourcecode.swift; path = AppDefault.swift; sourceTree = "<group>"; };
		52709EB229FBCFB200CBD872 /* NetworkMonitor.swift */ = {isa = PBXFileReference; fileEncoding = 4; lastKnownFileType = sourcecode.swift; path = NetworkMonitor.swift; sourceTree = "<group>"; };
		529372802AD00D9F00513BFF /* HelperClass.swift */ = {isa = PBXFileReference; lastKnownFileType = sourcecode.swift; path = HelperClass.swift; sourceTree = "<group>"; };
		77000FFE6186DFF62948448E /* Pods-ApiDemoWithFuture.debug.xcconfig */ = {isa = PBXFileReference; includeInIndex = 1; lastKnownFileType = text.xcconfig; name = "Pods-ApiDemoWithFuture.debug.xcconfig"; path = "Target Support Files/Pods-ApiDemoWithFuture/Pods-ApiDemoWithFuture.debug.xcconfig"; sourceTree = "<group>"; };
		BE72070787DF152C463DB239 /* Pods-ApiDemoWithFuture.release.xcconfig */ = {isa = PBXFileReference; includeInIndex = 1; lastKnownFileType = text.xcconfig; name = "Pods-ApiDemoWithFuture.release.xcconfig"; path = "Target Support Files/Pods-ApiDemoWithFuture/Pods-ApiDemoWithFuture.release.xcconfig"; sourceTree = "<group>"; };
		FE2EE9499F46B9CB9C00598D /* Pods_ApiDemoWithFuture.framework */ = {isa = PBXFileReference; explicitFileType = wrapper.framework; includeInIndex = 0; path = Pods_ApiDemoWithFuture.framework; sourceTree = BUILT_PRODUCTS_DIR; };
/* End PBXFileReference section */

/* Begin PBXFrameworksBuildPhase section */
		5241588E29F8F94800192294 /* Frameworks */ = {
			isa = PBXFrameworksBuildPhase;
			buildActionMask = 2147483647;
			files = (
				859FF92EFDB1B592D3347F69 /* Pods_ApiDemoWithFuture.framework in Frameworks */,
			);
			runOnlyForDeploymentPostprocessing = 0;
		};
/* End PBXFrameworksBuildPhase section */

/* Begin PBXGroup section */
		5241588829F8F94800192294 = {
			isa = PBXGroup;
			children = (
				5241589329F8F94800192294 /* ApiDemoWithFuture */,
				5241589229F8F94800192294 /* Products */,
				749426BB5F43B715475A9292 /* Frameworks */,
				92733AD07789D9446E465A7E /* Pods */,
			);
			sourceTree = "<group>";
		};
		5241589229F8F94800192294 /* Products */ = {
			isa = PBXGroup;
			children = (
				5241589129F8F94800192294 /* ApiDemoWithFuture.app */,
			);
			name = Products;
			sourceTree = "<group>";
		};
		5241589329F8F94800192294 /* ApiDemoWithFuture */ = {
			isa = PBXGroup;
			children = (
				5293727F2AD00D2500513BFF /* Helper */,
				5293727B2AD00B5600513BFF /* AppResponse */,
				5293727A2AD00B2700513BFF /* BaseClass */,
				529372742AD00A5A00513BFF /* Controller */,
				529372732AD00A3D00513BFF /* Delegate */,
				5241589A29F8F94800192294 /* Main.storyboard */,
				5241589D29F8F94900192294 /* Assets.xcassets */,
				5241589F29F8F94900192294 /* LaunchScreen.storyboard */,
				524158A229F8F94900192294 /* Info.plist */,
			);
			path = ApiDemoWithFuture;
			sourceTree = "<group>";
		};
		529372732AD00A3D00513BFF /* Delegate */ = {
			isa = PBXGroup;
			children = (
				5241589429F8F94800192294 /* AppDelegate.swift */,
				5241589629F8F94800192294 /* SceneDelegate.swift */,
			);
			path = Delegate;
			sourceTree = "<group>";
		};
		529372742AD00A5A00513BFF /* Controller */ = {
			isa = PBXGroup;
			children = (
				529372822AD00DC400513BFF /* Main */,
			);
			path = Controller;
			sourceTree = "<group>";
		};
		529372752AD00A7B00513BFF /* ApiService */ = {
			isa = PBXGroup;
			children = (
				524158A829F8FA2300192294 /* ApiService.swift */,
			);
			path = ApiService;
			sourceTree = "<group>";
		};
		529372762AD00AA100513BFF /* ViewModel */ = {
			isa = PBXGroup;
			children = (
				524158AA29F8FA3800192294 /* ViewModel.swift */,
			);
			path = ViewModel;
			sourceTree = "<group>";
		};
		529372772AD00AB600513BFF /* Model */ = {
			isa = PBXGroup;
			children = (
				524158AC29F9011900192294 /* model.swift */,
			);
			path = Model;
			sourceTree = "<group>";
		};
		529372782AD00AEA00513BFF /* Constants */ = {
			isa = PBXGroup;
			children = (
				524158AE29F936B200192294 /* Constants.swift */,
			);
			path = Constants;
			sourceTree = "<group>";
		};
		529372792AD00B0600513BFF /* ApiRequest */ = {
			isa = PBXGroup;
			children = (
				524158B029F9378B00192294 /* ApiRequest.swift */,
			);
			path = ApiRequest;
			sourceTree = "<group>";
		};
		5293727A2AD00B2700513BFF /* BaseClass */ = {
			isa = PBXGroup;
			children = (
				52513C8E29FA586500811ACC /* BaseVC.swift */,
			);
			path = BaseClass;
			sourceTree = "<group>";
		};
		5293727B2AD00B5600513BFF /* AppResponse */ = {
			isa = PBXGroup;
			children = (
				52513C9029FA5F4D00811ACC /* AppResponse.swift */,
			);
			path = AppResponse;
			sourceTree = "<group>";
		};
		5293727C2AD00B9A00513BFF /* Appdefaults */ = {
			isa = PBXGroup;
			children = (
				52513C9229FA691500811ACC /* AppDefault.swift */,
			);
			path = Appdefaults;
			sourceTree = "<group>";
		};
		5293727D2AD00BBA00513BFF /* NetworkManager */ = {
			isa = PBXGroup;
			children = (
				52709EB229FBCFB200CBD872 /* NetworkMonitor.swift */,
			);
			path = NetworkManager;
			sourceTree = "<group>";
		};
		5293727E2AD00C8300513BFF /* View */ = {
			isa = PBXGroup;
			children = (
				5241589829F8F94800192294 /* ViewController.swift */,
			);
			path = View;
			sourceTree = "<group>";
		};
		5293727F2AD00D2500513BFF /* Helper */ = {
			isa = PBXGroup;
			children = (
				5293727C2AD00B9A00513BFF /* Appdefaults */,
				529372782AD00AEA00513BFF /* Constants */,
				5293727D2AD00BBA00513BFF /* NetworkManager */,
				529372752AD00A7B00513BFF /* ApiService */,
				529372802AD00D9F00513BFF /* HelperClass.swift */,
			);
			path = Helper;
			sourceTree = "<group>";
		};
		529372822AD00DC400513BFF /* Main */ = {
			isa = PBXGroup;
			children = (
				529372792AD00B0600513BFF /* ApiRequest */,
				5293727E2AD00C8300513BFF /* View */,
				529372762AD00AA100513BFF /* ViewModel */,
				529372772AD00AB600513BFF /* Model */,
			);
			path = Main;
			sourceTree = "<group>";
		};
		749426BB5F43B715475A9292 /* Frameworks */ = {
			isa = PBXGroup;
			children = (
				ED1D5FF03516E0CABEFDC8D7 /* Pods */,
				FE2EE9499F46B9CB9C00598D /* Pods_ApiDemoWithFuture.framework */,
			);
			name = Frameworks;
			sourceTree = "<group>";
		};
		92733AD07789D9446E465A7E /* Pods */ = {
			isa = PBXGroup;
			children = (
				21717AFF7C58A9A0AAE5B074 /* Pods-ApiDemoWithFuture.debug.xcconfig */,
				BE72070787DF152C463DB239 /* Pods-ApiDemoWithFuture.release.xcconfig */,
			);
			path = Pods;
			sourceTree = "<group>";
		};
		ED1D5FF03516E0CABEFDC8D7 /* Pods */ = {
			isa = PBXGroup;
			children = (
				77000FFE6186DFF62948448E /* Pods-ApiDemoWithFuture.debug.xcconfig */,
				2452A874BFFDDC0FA74818A5 /* Pods-ApiDemoWithFuture.release.xcconfig */,
			);
			path = Pods;
			sourceTree = "<group>";
		};
/* End PBXGroup section */

/* Begin PBXNativeTarget section */
		5241589029F8F94800192294 /* ApiDemoWithFuture */ = {
			isa = PBXNativeTarget;
			buildConfigurationList = 524158A529F8F94900192294 /* Build configuration list for PBXNativeTarget "ApiDemoWithFuture" */;
			buildPhases = (
				C50FEA904E281E3B09653F2E /* [CP] Check Pods Manifest.lock */,
				5241588D29F8F94800192294 /* Sources */,
				5241588E29F8F94800192294 /* Frameworks */,
				5241588F29F8F94800192294 /* Resources */,
				490F987F1D29C844409C723F /* [CP] Embed Pods Frameworks */,
			);
			buildRules = (
			);
			dependencies = (
			);
			name = ApiDemoWithFuture;
			productName = ApiDemoWithFuture;
			productReference = 5241589129F8F94800192294 /* ApiDemoWithFuture.app */;
			productType = "com.apple.product-type.application";
		};
/* End PBXNativeTarget section */

/* Begin PBXProject section */
		5241588929F8F94800192294 /* Project object */ = {
			isa = PBXProject;
			attributes = {
				BuildIndependentTargetsInParallel = 1;
				LastSwiftUpdateCheck = 1420;
				LastUpgradeCheck = 1420;
				TargetAttributes = {
					5241589029F8F94800192294 = {
						CreatedOnToolsVersion = 14.2;
					};
				};
			};
			buildConfigurationList = 5241588C29F8F94800192294 /* Build configuration list for PBXProject "ApiDemoWithFuture" */;
			compatibilityVersion = "Xcode 14.0";
			developmentRegion = en;
			hasScannedForEncodings = 0;
			knownRegions = (
				en,
				Base,
			);
			mainGroup = 5241588829F8F94800192294;
			productRefGroup = 5241589229F8F94800192294 /* Products */;
			projectDirPath = "";
			projectRoot = "";
			targets = (
				5241589029F8F94800192294 /* ApiDemoWithFuture */,
			);
		};
/* End PBXProject section */

/* Begin PBXResourcesBuildPhase section */
		5241588F29F8F94800192294 /* Resources */ = {
			isa = PBXResourcesBuildPhase;
			buildActionMask = 2147483647;
			files = (
				524158A129F8F94900192294 /* LaunchScreen.storyboard in Resources */,
				5241589E29F8F94900192294 /* Assets.xcassets in Resources */,
				5241589C29F8F94800192294 /* Main.storyboard in Resources */,
			);
			runOnlyForDeploymentPostprocessing = 0;
		};
/* End PBXResourcesBuildPhase section */

/* Begin PBXShellScriptBuildPhase section */
		490F987F1D29C844409C723F /* [CP] Embed Pods Frameworks */ = {
			isa = PBXShellScriptBuildPhase;
			buildActionMask = 2147483647;
			files = (
			);
			inputFileListPaths = (
				"${PODS_ROOT}/Target Support Files/Pods-ApiDemoWithFuture/Pods-ApiDemoWithFuture-frameworks-${CONFIGURATION}-input-files.xcfilelist",
			);
			name = "[CP] Embed Pods Frameworks";
			outputFileListPaths = (
				"${PODS_ROOT}/Target Support Files/Pods-ApiDemoWithFuture/Pods-ApiDemoWithFuture-frameworks-${CONFIGURATION}-output-files.xcfilelist",
			);
			runOnlyForDeploymentPostprocessing = 0;
			shellPath = /bin/sh;
			shellScript = "\"${PODS_ROOT}/Target Support Files/Pods-ApiDemoWithFuture/Pods-ApiDemoWithFuture-frameworks.sh\"\n";
			showEnvVarsInLog = 0;
		};
		C50FEA904E281E3B09653F2E /* [CP] Check Pods Manifest.lock */ = {
			isa = PBXShellScriptBuildPhase;
			buildActionMask = 2147483647;
			files = (
			);
			inputFileListPaths = (
			);
			inputPaths = (
				"${PODS_PODFILE_DIR_PATH}/Podfile.lock",
				"${PODS_ROOT}/Manifest.lock",
			);
			name = "[CP] Check Pods Manifest.lock";
			outputFileListPaths = (
			);
			outputPaths = (
				"$(DERIVED_FILE_DIR)/Pods-ApiDemoWithFuture-checkManifestLockResult.txt",
			);
			runOnlyForDeploymentPostprocessing = 0;
			shellPath = /bin/sh;
			shellScript = "diff \"${PODS_PODFILE_DIR_PATH}/Podfile.lock\" \"${PODS_ROOT}/Manifest.lock\" > /dev/null\nif [ $? != 0 ] ; then\n    # print error to STDERR\n    echo \"error: The sandbox is not in sync with the Podfile.lock. Run 'pod install' or update your CocoaPods installation.\" >&2\n    exit 1\nfi\n# This output is used by Xcode 'outputs' to avoid re-running this script phase.\necho \"SUCCESS\" > \"${SCRIPT_OUTPUT_FILE_0}\"\n";
			showEnvVarsInLog = 0;
		};
/* End PBXShellScriptBuildPhase section */

/* Begin PBXSourcesBuildPhase section */
		5241588D29F8F94800192294 /* Sources */ = {
			isa = PBXSourcesBuildPhase;
			buildActionMask = 2147483647;
			files = (
				52513C9129FA5F4D00811ACC /* AppResponse.swift in Sources */,
				52709EB329FBCFB200CBD872 /* NetworkMonitor.swift in Sources */,
				524158AB29F8FA3800192294 /* ViewModel.swift in Sources */,
				529372812AD00D9F00513BFF /* HelperClass.swift in Sources */,
				524158AD29F9011900192294 /* model.swift in Sources */,
				5241589929F8F94800192294 /* ViewController.swift in Sources */,
				5241589529F8F94800192294 /* AppDelegate.swift in Sources */,
				52513C9329FA691500811ACC /* AppDefault.swift in Sources */,
				52513C8F29FA586500811ACC /* BaseVC.swift in Sources */,
				524158AF29F936B200192294 /* Constants.swift in Sources */,
				524158A929F8FA2300192294 /* ApiService.swift in Sources */,
				524158B129F9378B00192294 /* ApiRequest.swift in Sources */,
				5241589729F8F94800192294 /* SceneDelegate.swift in Sources */,
			);
			runOnlyForDeploymentPostprocessing = 0;
		};
/* End PBXSourcesBuildPhase section */

/* Begin PBXVariantGroup section */
		5241589A29F8F94800192294 /* Main.storyboard */ = {
			isa = PBXVariantGroup;
			children = (
				5241589B29F8F94800192294 /* Base */,
			);
			name = Main.storyboard;
			sourceTree = "<group>";
		};
		5241589F29F8F94900192294 /* LaunchScreen.storyboard */ = {
			isa = PBXVariantGroup;
			children = (
				524158A029F8F94900192294 /* Base */,
			);
			name = LaunchScreen.storyboard;
			sourceTree = "<group>";
		};
/* End PBXVariantGroup section */

/* Begin XCBuildConfiguration section */
		524158A329F8F94900192294 /* Debug */ = {
			isa = XCBuildConfiguration;
			buildSettings = {
				ALWAYS_SEARCH_USER_PATHS = NO;
				CLANG_ANALYZER_NONNULL = YES;
				CLANG_ANALYZER_NUMBER_OBJECT_CONVERSION = YES_AGGRESSIVE;
				CLANG_CXX_LANGUAGE_STANDARD = "gnu++20";
				CLANG_ENABLE_MODULES = YES;
				CLANG_ENABLE_OBJC_ARC = YES;
				CLANG_ENABLE_OBJC_WEAK = YES;
				CLANG_WARN_BLOCK_CAPTURE_AUTORELEASING = YES;
				CLANG_WARN_BOOL_CONVERSION = YES;
				CLANG_WARN_COMMA = YES;
				CLANG_WARN_CONSTANT_CONVERSION = YES;
				CLANG_WARN_DEPRECATED_OBJC_IMPLEMENTATIONS = YES;
				CLANG_WARN_DIRECT_OBJC_ISA_USAGE = YES_ERROR;
				CLANG_WARN_DOCUMENTATION_COMMENTS = YES;
				CLANG_WARN_EMPTY_BODY = YES;
				CLANG_WARN_ENUM_CONVERSION = YES;
				CLANG_WARN_INFINITE_RECURSION = YES;
				CLANG_WARN_INT_CONVERSION = YES;
				CLANG_WARN_NON_LITERAL_NULL_CONVERSION = YES;
				CLANG_WARN_OBJC_IMPLICIT_RETAIN_SELF = YES;
				CLANG_WARN_OBJC_LITERAL_CONVERSION = YES;
				CLANG_WARN_OBJC_ROOT_CLASS = YES_ERROR;
				CLANG_WARN_QUOTED_INCLUDE_IN_FRAMEWORK_HEADER = YES;
				CLANG_WARN_RANGE_LOOP_ANALYSIS = YES;
				CLANG_WARN_STRICT_PROTOTYPES = YES;
				CLANG_WARN_SUSPICIOUS_MOVE = YES;
				CLANG_WARN_UNGUARDED_AVAILABILITY = YES_AGGRESSIVE;
				CLANG_WARN_UNREACHABLE_CODE = YES;
				CLANG_WARN__DUPLICATE_METHOD_MATCH = YES;
				COPY_PHASE_STRIP = NO;
				DEBUG_INFORMATION_FORMAT = dwarf;
				ENABLE_STRICT_OBJC_MSGSEND = YES;
				ENABLE_TESTABILITY = YES;
				GCC_C_LANGUAGE_STANDARD = gnu11;
				GCC_DYNAMIC_NO_PIC = NO;
				GCC_NO_COMMON_BLOCKS = YES;
				GCC_OPTIMIZATION_LEVEL = 0;
				GCC_PREPROCESSOR_DEFINITIONS = (
					"DEBUG=1",
					"$(inherited)",
				);
				GCC_WARN_64_TO_32_BIT_CONVERSION = YES;
				GCC_WARN_ABOUT_RETURN_TYPE = YES_ERROR;
				GCC_WARN_UNDECLARED_SELECTOR = YES;
				GCC_WARN_UNINITIALIZED_AUTOS = YES_AGGRESSIVE;
				GCC_WARN_UNUSED_FUNCTION = YES;
				GCC_WARN_UNUSED_VARIABLE = YES;
				IPHONEOS_DEPLOYMENT_TARGET = 16.2;
				MTL_ENABLE_DEBUG_INFO = INCLUDE_SOURCE;
				MTL_FAST_MATH = YES;
				ONLY_ACTIVE_ARCH = YES;
				SDKROOT = iphoneos;
				SWIFT_ACTIVE_COMPILATION_CONDITIONS = DEBUG;
				SWIFT_OPTIMIZATION_LEVEL = "-Onone";
			};
			name = Debug;
		};
		524158A429F8F94900192294 /* Release */ = {
			isa = XCBuildConfiguration;
			buildSettings = {
				ALWAYS_SEARCH_USER_PATHS = NO;
				CLANG_ANALYZER_NONNULL = YES;
				CLANG_ANALYZER_NUMBER_OBJECT_CONVERSION = YES_AGGRESSIVE;
				CLANG_CXX_LANGUAGE_STANDARD = "gnu++20";
				CLANG_ENABLE_MODULES = YES;
				CLANG_ENABLE_OBJC_ARC = YES;
				CLANG_ENABLE_OBJC_WEAK = YES;
				CLANG_WARN_BLOCK_CAPTURE_AUTORELEASING = YES;
				CLANG_WARN_BOOL_CONVERSION = YES;
				CLANG_WARN_COMMA = YES;
				CLANG_WARN_CONSTANT_CONVERSION = YES;
				CLANG_WARN_DEPRECATED_OBJC_IMPLEMENTATIONS = YES;
				CLANG_WARN_DIRECT_OBJC_ISA_USAGE = YES_ERROR;
				CLANG_WARN_DOCUMENTATION_COMMENTS = YES;
				CLANG_WARN_EMPTY_BODY = YES;
				CLANG_WARN_ENUM_CONVERSION = YES;
				CLANG_WARN_INFINITE_RECURSION = YES;
				CLANG_WARN_INT_CONVERSION = YES;
				CLANG_WARN_NON_LITERAL_NULL_CONVERSION = YES;
				CLANG_WARN_OBJC_IMPLICIT_RETAIN_SELF = YES;
				CLANG_WARN_OBJC_LITERAL_CONVERSION = YES;
				CLANG_WARN_OBJC_ROOT_CLASS = YES_ERROR;
				CLANG_WARN_QUOTED_INCLUDE_IN_FRAMEWORK_HEADER = YES;
				CLANG_WARN_RANGE_LOOP_ANALYSIS = YES;
				CLANG_WARN_STRICT_PROTOTYPES = YES;
				CLANG_WARN_SUSPICIOUS_MOVE = YES;
				CLANG_WARN_UNGUARDED_AVAILABILITY = YES_AGGRESSIVE;
				CLANG_WARN_UNREACHABLE_CODE = YES;
				CLANG_WARN__DUPLICATE_METHOD_MATCH = YES;
				COPY_PHASE_STRIP = NO;
				DEBUG_INFORMATION_FORMAT = "dwarf-with-dsym";
				ENABLE_NS_ASSERTIONS = NO;
				ENABLE_STRICT_OBJC_MSGSEND = YES;
				GCC_C_LANGUAGE_STANDARD = gnu11;
				GCC_NO_COMMON_BLOCKS = YES;
				GCC_WARN_64_TO_32_BIT_CONVERSION = YES;
				GCC_WARN_ABOUT_RETURN_TYPE = YES_ERROR;
				GCC_WARN_UNDECLARED_SELECTOR = YES;
				GCC_WARN_UNINITIALIZED_AUTOS = YES_AGGRESSIVE;
				GCC_WARN_UNUSED_FUNCTION = YES;
				GCC_WARN_UNUSED_VARIABLE = YES;
				IPHONEOS_DEPLOYMENT_TARGET = 16.2;
				MTL_ENABLE_DEBUG_INFO = NO;
				MTL_FAST_MATH = YES;
				SDKROOT = iphoneos;
				SWIFT_COMPILATION_MODE = wholemodule;
				SWIFT_OPTIMIZATION_LEVEL = "-O";
				VALIDATE_PRODUCT = YES;
			};
			name = Release;
		};
		524158A629F8F94900192294 /* Debug */ = {
			isa = XCBuildConfiguration;
			baseConfigurationReference = 77000FFE6186DFF62948448E /* Pods-ApiDemoWithFuture.debug.xcconfig */;
			buildSettings = {
				ASSETCATALOG_COMPILER_APPICON_NAME = AppIcon;
				ASSETCATALOG_COMPILER_GLOBAL_ACCENT_COLOR_NAME = AccentColor;
				CODE_SIGN_STYLE = Automatic;
				CURRENT_PROJECT_VERSION = 1;
				DEVELOPMENT_TEAM = S94D73XQXZ;
				GENERATE_INFOPLIST_FILE = YES;
				INFOPLIST_FILE = ApiDemoWithFuture/Info.plist;
				INFOPLIST_KEY_UIApplicationSupportsIndirectInputEvents = YES;
				INFOPLIST_KEY_UILaunchStoryboardName = LaunchScreen;
				INFOPLIST_KEY_UIMainStoryboardFile = Main;
				INFOPLIST_KEY_UISupportedInterfaceOrientations_iPad = "UIInterfaceOrientationPortrait UIInterfaceOrientationPortraitUpsideDown UIInterfaceOrientationLandscapeLeft UIInterfaceOrientationLandscapeRight";
				INFOPLIST_KEY_UISupportedInterfaceOrientations_iPhone = "UIInterfaceOrientationPortrait UIInterfaceOrientationLandscapeLeft UIInterfaceOrientationLandscapeRight";
				LD_RUNPATH_SEARCH_PATHS = (
					"$(inherited)",
					"@executable_path/Frameworks",
				);
				MARKETING_VERSION = 1.0;
				PRODUCT_BUNDLE_IDENTIFIER = "com.wifidemo-pass.ApiDemoWithFuture";
				PRODUCT_NAME = "$(TARGET_NAME)";
				SWIFT_EMIT_LOC_STRINGS = YES;
				SWIFT_VERSION = 5.0;
				TARGETED_DEVICE_FAMILY = "1,2";
			};
			name = Debug;
		};
		524158A729F8F94900192294 /* Release */ = {
			isa = XCBuildConfiguration;
			baseConfigurationReference = 2452A874BFFDDC0FA74818A5 /* Pods-ApiDemoWithFuture.release.xcconfig */;
			buildSettings = {
				ASSETCATALOG_COMPILER_APPICON_NAME = AppIcon;
				ASSETCATALOG_COMPILER_GLOBAL_ACCENT_COLOR_NAME = AccentColor;
				CODE_SIGN_STYLE = Automatic;
				CURRENT_PROJECT_VERSION = 1;
				DEVELOPMENT_TEAM = S94D73XQXZ;
				GENERATE_INFOPLIST_FILE = YES;
				INFOPLIST_FILE = ApiDemoWithFuture/Info.plist;
				INFOPLIST_KEY_UIApplicationSupportsIndirectInputEvents = YES;
				INFOPLIST_KEY_UILaunchStoryboardName = LaunchScreen;
				INFOPLIST_KEY_UIMainStoryboardFile = Main;
				INFOPLIST_KEY_UISupportedInterfaceOrientations_iPad = "UIInterfaceOrientationPortrait UIInterfaceOrientationPortraitUpsideDown UIInterfaceOrientationLandscapeLeft UIInterfaceOrientationLandscapeRight";
				INFOPLIST_KEY_UISupportedInterfaceOrientations_iPhone = "UIInterfaceOrientationPortrait UIInterfaceOrientationLandscapeLeft UIInterfaceOrientationLandscapeRight";
				LD_RUNPATH_SEARCH_PATHS = (
					"$(inherited)",
					"@executable_path/Frameworks",
				);
				MARKETING_VERSION = 1.0;
				PRODUCT_BUNDLE_IDENTIFIER = "com.wifidemo-pass.ApiDemoWithFuture";
				PRODUCT_NAME = "$(TARGET_NAME)";
				SWIFT_EMIT_LOC_STRINGS = YES;
				SWIFT_VERSION = 5.0;
				TARGETED_DEVICE_FAMILY = "1,2";
			};
			name = Release;
		};
/* End XCBuildConfiguration section */

/* Begin XCConfigurationList section */
		5241588C29F8F94800192294 /* Build configuration list for PBXProject "ApiDemoWithFuture" */ = {
			isa = XCConfigurationList;
			buildConfigurations = (
				524158A329F8F94900192294 /* Debug */,
				524158A429F8F94900192294 /* Release */,
			);
			defaultConfigurationIsVisible = 0;
			defaultConfigurationName = Release;
		};
		524158A529F8F94900192294 /* Build configuration list for PBXNativeTarget "ApiDemoWithFuture" */ = {
			isa = XCConfigurationList;
			buildConfigurations = (
				524158A629F8F94900192294 /* Debug */,
				524158A729F8F94900192294 /* Release */,
			);
			defaultConfigurationIsVisible = 0;
			defaultConfigurationName = Release;
		};
/* End XCConfigurationList section */
	};
	rootObject = 5241588929F8F94800192294 /* Project object */;
}
